
Microsoft Visual Studio Solution File, Format Version 12.00
# Visual Studio Version 16
VisualStudioVersion = 16.0.32929.386
MinimumVisualStudioVersion = 10.0.40219.1
Project("{8BC9CEB8-8B4A-11D0-8D11-00A0C91BC942}") = "Test1", "Test1\Test1.vcxproj", "{F7A4E276-25D4-4609-86F7-8A507C304A38}"
EndProject
Global
	GlobalSection(SolutionConfigurationPlatforms) = preSolution
		Debug|x64 = Debug|x64
		Debug|x86 = Debug|x86
		Release|x64 = Release|x64
		Release|x86 = Release|x86
	EndGlobalSection
	GlobalSection(ProjectConfigurationPlatforms) = postSolution
		{F7A4E276-25D4-4609-86F7-8A507C304A38}.Debug|x64.ActiveCfg = Debug|x64
		{F7A4E276-25D4-4609-86F7-8A507C304A38}.Debug|x64.Build.0 = Debug|x64
		{F7A4E276-25D4-4609-86F7-8A507C304A38}.Debug|x86.ActiveCfg = Debug|Win32
		{F7A4E276-25D4-4609-86F7-8A507C304A38}.Debug|x86.Build.0 = Debug|Win32
		{F7A4E276-25D4-4609-86F7-8A507C304A38}.Release|x64.ActiveCfg = Release|x64
		{F7A4E276-25D4-4609-86F7-8A507C304A38}.Release|x64.Build.0 = Release|x64
		{F7A4E276-25D4-4609-86F7-8A507C304A38}.Release|x86.ActiveCfg = Release|Win32
		{F7A4E276-25D4-4609-86F7-8A507C304A38}.Release|x86.Build.0 = Release|Win32
	EndGlobalSection
	GlobalSection(SolutionProperties) = preSolution
		HideSolutionNode = FALSE
	EndGlobalSection
	GlobalSection(ExtensibilityGlobals) = postSolution
		SolutionGuid = {15C53BF5-2EF1-4BDB-972A-B8F4BCDF35B2}
	EndGlobalSection
EndGlobal
